
Microsoft Visual Studio Solution File, Format Version 12.00
# Visual Studio Version 17
VisualStudioVersion = 17.7.34024.191
MinimumVisualStudioVersion = 10.0.40219.1
Project("{9A19103F-16F7-4668-BE54-9A1E7A4F7556}") = "ServerCore", "ServerCore\ServerCore.csproj", "{BE0B5EA7-B286-45E8-834B-620F8A8C715D}"
EndProject
Project("{9A19103F-16F7-4668-BE54-9A1E7A4F7556}") = "Server", "Server\Server.csproj", "{E319C370-7CAB-404B-A8D2-8AEAFBEC3431}"
EndProject
Project("{9A19103F-16F7-4668-BE54-9A1E7A4F7556}") = "PacketGenerator", "PacketGenerator\PacketGenerator.csproj", "{580B838E-0DBA-4358-A292-E3AA050DDC9E}"
EndProject
Project("{2150E333-8FDC-42A3-9474-1A3956D46DE8}") = "Tools", "Tools", "{C62012F3-79F7-427C-887B-4B4D9403C275}"
EndProject
Global
	GlobalSection(SolutionConfigurationPlatforms) = preSolution
		Debug|Any CPU = Debug|Any CPU
		Release|Any CPU = Release|Any CPU
	EndGlobalSection
	GlobalSection(ProjectConfigurationPlatforms) = postSolution
		{BE0B5EA7-B286-45E8-834B-620F8A8C715D}.Debug|Any CPU.ActiveCfg = Debug|Any CPU
		{BE0B5EA7-B286-45E8-834B-620F8A8C715D}.Debug|Any CPU.Build.0 = Debug|Any CPU
		{BE0B5EA7-B286-45E8-834B-620F8A8C715D}.Release|Any CPU.ActiveCfg = Release|Any CPU
		{BE0B5EA7-B286-45E8-834B-620F8A8C715D}.Release|Any CPU.Build.0 = Release|Any CPU
		{E319C370-7CAB-404B-A8D2-8AEAFBEC3431}.Debug|Any CPU.ActiveCfg = Debug|Any CPU
		{E319C370-7CAB-404B-A8D2-8AEAFBEC3431}.Debug|Any CPU.Build.0 = Debug|Any CPU
		{E319C370-7CAB-404B-A8D2-8AEAFBEC3431}.Release|Any CPU.ActiveCfg = Release|Any CPU
		{E319C370-7CAB-404B-A8D2-8AEAFBEC3431}.Release|Any CPU.Build.0 = Release|Any CPU
		{580B838E-0DBA-4358-A292-E3AA050DDC9E}.Debug|Any CPU.ActiveCfg = Debug|Any CPU
		{580B838E-0DBA-4358-A292-E3AA050DDC9E}.Debug|Any CPU.Build.0 = Debug|Any CPU
		{580B838E-0DBA-4358-A292-E3AA050DDC9E}.Release|Any CPU.ActiveCfg = Release|Any CPU
		{580B838E-0DBA-4358-A292-E3AA050DDC9E}.Release|Any CPU.Build.0 = Release|Any CPU
	EndGlobalSection
	GlobalSection(SolutionProperties) = preSolution
		HideSolutionNode = FALSE
	EndGlobalSection
	GlobalSection(NestedProjects) = preSolution
		{580B838E-0DBA-4358-A292-E3AA050DDC9E} = {C62012F3-79F7-427C-887B-4B4D9403C275}
	EndGlobalSection
	GlobalSection(ExtensibilityGlobals) = postSolution
		SolutionGuid = {5E3E7FD4-52BF-4EAC-82F9-5D7AB02AFA9B}
	EndGlobalSection
EndGlobal
